{
  "name": "bitrated-client",
  "version": "2.0.0",
  "dependencies": {
    "async-waiter": {
      "version": "0.1.1",
      "from": "async-waiter@^0.1.1"
    },
    "backbone": {
      "version": "1.1.2",
      "from": "backbone@^1.1.2",
      "dependencies": {
        "underscore": {
          "version": "1.7.0",
          "from": "underscore@>=1.5.0",
          "resolved": "https://registry.npmjs.org/underscore/-/underscore-1.7.0.tgz"
        }
      }
    },
    "backbone-attrs": {
      "version": "0.1.0",
      "from": "backbone-attrs@^0.1.0"
    },
    "backbone-bufferify": {
      "version": "0.0.4",
      "from": "backbone-bufferify@0.0.4",
      "resolved": "https://registry.npmjs.org/backbone-bufferify/-/backbone-bufferify-0.0.4.tgz"
    },
    "bigi": {
      "version": "1.4.0",
      "from": "bigi@^1.2.1"
    },
    "browserify": {
      "version": "6.3.4",
      "from": "browserify@^6.2.0",
      "dependencies": {
        "JSONStream": {
          "version": "0.8.4",
          "from": "JSONStream@~0.8.3",
          "dependencies": {
            "jsonparse": {
              "version": "0.0.5",
              "from": "jsonparse@0.0.5"
            },
            "through": {
              "version": "2.3.6",
              "from": "through@>=2.2.7 <3"
            }
          }
        },
        "assert": {
          "version": "1.1.2",
          "from": "assert@~1.1.0"
        },
        "browser-pack": {
          "version": "3.2.0",
          "from": "browser-pack@^3.2.0",
          "dependencies": {
            "combine-source-map": {
              "version": "0.3.0",
              "from": "combine-source-map@~0.3.0",
              "dependencies": {
                "inline-source-map": {
                  "version": "0.3.0",
                  "from": "inline-source-map@~0.3.0"
                },
                "convert-source-map": {
                  "version": "0.3.5",
                  "from": "convert-source-map@~0.3.0"
                },
                "source-map": {
                  "version": "0.1.43",
                  "from": "source-map@~0.1.31",
                  "dependencies": {
                    "amdefine": {
                      "version": "0.1.0",
                      "from": "amdefine@>=0.0.4"
                    }
                  }
                }
              }
            },
            "through2": {
              "version": "0.5.1",
              "from": "through2@~0.5.1"
            }
          }
        },
        "browser-resolve": {
          "version": "1.5.0",
          "from": "browser-resolve@^1.3.0",
          "dependencies": {
            "resolve": {
              "version": "1.0.0",
              "from": "resolve@1.0.0"
            }
          }
        },
        "browserify-zlib": {
          "version": "0.1.4",
          "from": "browserify-zlib@~0.1.2",
          "dependencies": {
            "pako": {
              "version": "0.2.5",
              "from": "pako@~0.2.0"
            }
          }
        },
        "buffer": {
          "version": "2.8.2",
          "from": "buffer@^2.3.0",
          "dependencies": {
            "base64-js": {
              "version": "0.0.7",
              "from": "base64-js@0.0.7"
            },
            "ieee754": {
              "version": "1.1.4",
              "from": "ieee754@^1.1.4"
            },
            "is-array": {
              "version": "1.0.1",
              "from": "is-array@^1.0.1"
            }
          }
        },
        "builtins": {
          "version": "0.0.7",
          "from": "builtins@~0.0.3"
        },
        "commondir": {
          "version": "0.0.1",
          "from": "commondir@0.0.1"
        },
        "concat-stream": {
          "version": "1.4.7",
          "from": "concat-stream@~1.4.1",
          "dependencies": {
            "typedarray": {
              "version": "0.0.6",
              "from": "typedarray@~0.0.5"
            },
            "readable-stream": {
              "version": "1.1.13",
              "from": "readable-stream@>=1.1.13-1 <1.2.0-0",
              "dependencies": {
                "core-util-is": {
                  "version": "1.0.1",
                  "from": "core-util-is@~1.0.0"
                }
              }
            }
          }
        },
        "console-browserify": {
          "version": "1.1.0",
          "from": "console-browserify@^1.1.0",
          "dependencies": {
            "date-now": {
              "version": "0.1.4",
              "from": "date-now@^0.1.4"
            }
          }
        },
        "constants-browserify": {
          "version": "0.0.1",
          "from": "constants-browserify@~0.0.1"
        },
        "deep-equal": {
          "version": "0.2.1",
          "from": "deep-equal@~0.2.1"
        },
        "defined": {
          "version": "0.0.0",
          "from": "defined@~0.0.0"
        },
        "deps-sort": {
          "version": "1.3.5",
          "from": "deps-sort@^1.3.5",
          "dependencies": {
            "minimist": {
              "version": "0.2.0",
              "from": "minimist@~0.2.0"
            },
            "through2": {
              "version": "0.5.1",
              "from": "through2@~0.5.1"
            }
          }
        },
        "domain-browser": {
          "version": "1.1.3",
          "from": "domain-browser@~1.1.0"
        },
        "duplexer2": {
          "version": "0.0.2",
          "from": "duplexer2@~0.0.2",
          "dependencies": {
            "readable-stream": {
              "version": "1.1.13",
              "from": "readable-stream@>=1.1.13-1 <1.2.0-0",
              "dependencies": {
                "core-util-is": {
                  "version": "1.0.1",
                  "from": "core-util-is@~1.0.0"
                }
              }
            }
          }
        },
        "events": {
          "version": "1.0.2",
          "from": "events@~1.0.0"
        },
        "glob": {
          "version": "4.3.5",
          "from": "glob@^4.0.5",
          "dependencies": {
            "inflight": {
              "version": "1.0.4",
              "from": "inflight@^1.0.4",
              "dependencies": {
                "wrappy": {
                  "version": "1.0.1",
                  "from": "wrappy@1"
                }
              }
            },
            "minimatch": {
              "version": "2.0.1",
              "from": "minimatch@^2.0.1",
              "dependencies": {
                "brace-expansion": {
                  "version": "1.1.0",
                  "from": "brace-expansion@^1.0.0",
                  "dependencies": {
                    "balanced-match": {
                      "version": "0.2.0",
                      "from": "balanced-match@^0.2.0"
                    },
                    "concat-map": {
                      "version": "0.0.1",
                      "from": "concat-map@0.0.1"
                    }
                  }
                }
              }
            },
            "once": {
              "version": "1.3.1",
              "from": "once@^1.3.0",
              "dependencies": {
                "wrappy": {
                  "version": "1.0.1",
                  "from": "wrappy@1"
                }
              }
            }
          }
        },
        "http-browserify": {
          "version": "1.7.0",
          "from": "http-browserify@^1.4.0",
          "dependencies": {
            "Base64": {
              "version": "0.2.1",
              "from": "Base64@~0.2.0"
            }
          }
        },
        "https-browserify": {
          "version": "0.0.0",
          "from": "https-browserify@~0.0.0"
        },
        "inherits": {
          "version": "2.0.1",
          "from": "inherits@~2.0.1"
        },
        "insert-module-globals": {
          "version": "6.2.0",
          "from": "insert-module-globals@^6.1.0",
          "dependencies": {
            "JSONStream": {
              "version": "0.7.4",
              "from": "JSONStream@~0.7.1",
              "dependencies": {
                "jsonparse": {
                  "version": "0.0.5",
                  "from": "jsonparse@0.0.5"
                }
              }
            },
            "combine-source-map": {
              "version": "0.3.0",
              "from": "combine-source-map@~0.3.0",
              "dependencies": {
                "inline-source-map": {
                  "version": "0.3.0",
                  "from": "inline-source-map@~0.3.0"
                },
                "convert-source-map": {
                  "version": "0.3.5",
                  "from": "convert-source-map@~0.3.0"
                },
                "source-map": {
                  "version": "0.1.43",
                  "from": "source-map@~0.1.31",
                  "dependencies": {
                    "amdefine": {
                      "version": "0.1.0",
                      "from": "amdefine@>=0.0.4"
                    }
                  }
                }
              }
            },
            "lexical-scope": {
              "version": "1.1.0",
              "from": "lexical-scope@~1.1.0",
              "dependencies": {
                "astw": {
                  "version": "1.1.0",
                  "from": "astw@~1.1.0",
                  "dependencies": {
                    "esprima-fb": {
                      "version": "3001.1.0-dev-harmony-fb",
                      "from": "esprima-fb@3001.1.0-dev-harmony-fb"
                    }
                  }
                }
              }
            },
            "process": {
              "version": "0.6.0",
              "from": "process@~0.6.0"
            },
            "through": {
              "version": "2.3.6",
              "from": "through@~2.3.4"
            }
          }
        },
        "isarray": {
          "version": "0.0.1",
          "from": "isarray@0.0.1"
        },
        "labeled-stream-splicer": {
          "version": "1.0.2",
          "from": "labeled-stream-splicer@^1.0.0",
          "dependencies": {
            "stream-splicer": {
              "version": "1.3.1",
              "from": "stream-splicer@^1.1.0",
              "dependencies": {
                "readable-stream": {
                  "version": "1.1.13",
                  "from": "readable-stream@^1.1.13-1",
                  "dependencies": {
                    "core-util-is": {
                      "version": "1.0.1",
                      "from": "core-util-is@~1.0.0"
                    }
                  }
                },
                "readable-wrap": {
                  "version": "1.0.0",
                  "from": "readable-wrap@^1.0.0"
                },
                "indexof": {
                  "version": "0.0.1",
                  "from": "indexof@0.0.1"
                }
              }
            }
          }
        },
        "module-deps": {
          "version": "3.6.4",
          "from": "module-deps@^3.5.0",
          "dependencies": {
            "JSONStream": {
              "version": "0.7.4",
              "from": "JSONStream@~0.7.1",
              "dependencies": {
                "jsonparse": {
                  "version": "0.0.5",
                  "from": "jsonparse@0.0.5"
                },
                "through": {
                  "version": "2.3.6",
                  "from": "through@>=2.2.7 <3"
                }
              }
            },
            "detective": {
              "version": "4.0.0",
              "from": "detective@^4.0.0",
              "dependencies": {
                "acorn": {
                  "version": "0.9.0",
                  "from": "acorn@~0.9.0"
                },
                "escodegen": {
                  "version": "1.6.0",
                  "from": "escodegen@^1.4.1",
                  "dependencies": {
                    "estraverse": {
                      "version": "1.9.1",
                      "from": "estraverse@^1.9.1"
                    },
                    "esutils": {
                      "version": "1.1.6",
                      "from": "esutils@^1.1.6"
                    },
                    "esprima": {
                      "version": "1.2.2",
                      "from": "esprima@^1.2.2"
                    },
                    "optionator": {
                      "version": "0.5.0",
                      "from": "optionator@^0.5.0",
                      "dependencies": {
                        "prelude-ls": {
                          "version": "1.1.1",
                          "from": "prelude-ls@~1.1.1"
                        },
                        "deep-is": {
                          "version": "0.1.3",
                          "from": "deep-is@~0.1.2"
                        },
                        "wordwrap": {
                          "version": "0.0.2",
                          "from": "wordwrap@~0.0.2"
                        },
                        "type-check": {
                          "version": "0.3.1",
                          "from": "type-check@~0.3.1"
                        },
                        "levn": {
                          "version": "0.2.5",
                          "from": "levn@~0.2.5"
                        },
                        "fast-levenshtein": {
                          "version": "1.0.6",
                          "from": "fast-levenshtein@~1.0.0"
                        }
                      }
                    },
                    "source-map": {
                      "version": "0.1.43",
                      "from": "source-map@~0.1.40",
                      "dependencies": {
                        "amdefine": {
                          "version": "0.1.0",
                          "from": "amdefine@>=0.0.4"
                        }
                      }
                    }
                  }
                }
              }
            },
            "minimist": {
              "version": "0.2.0",
              "from": "minimist@~0.2.0"
            },
            "parents": {
              "version": "1.0.1",
              "from": "parents@^1.0.0",
              "dependencies": {
                "path-platform": {
                  "version": "0.11.15",
                  "from": "path-platform@~0.11.15"
                }
              }
            },
            "stream-combiner2": {
              "version": "1.0.2",
              "from": "stream-combiner2@~1.0.0",
              "dependencies": {
                "through2": {
                  "version": "0.5.1",
                  "from": "through2@~0.5.1"
                }
              }
            },
            "subarg": {
              "version": "0.0.1",
              "from": "subarg@0.0.1",
              "dependencies": {
                "minimist": {
                  "version": "0.0.10",
                  "from": "minimist@~0.0.7"
                }
              }
            },
            "through2": {
              "version": "0.4.2",
              "from": "through2@~0.4.1",
              "dependencies": {
                "xtend": {
                  "version": "2.1.2",
                  "from": "xtend@~2.1.1",
                  "dependencies": {
                    "object-keys": {
                      "version": "0.4.0",
                      "from": "object-keys@~0.4.0"
                    }
                  }
                }
              }
            }
          }
        },
        "os-browserify": {
          "version": "0.1.2",
          "from": "os-browserify@~0.1.1"
        },
        "parents": {
          "version": "0.0.3",
          "from": "parents@~0.0.1",
          "dependencies": {
            "path-platform": {
              "version": "0.0.1",
              "from": "path-platform@^0.0.1"
            }
          }
        },
        "path-browserify": {
          "version": "0.0.0",
          "from": "path-browserify@~0.0.0"
        },
        "process": {
          "version": "0.8.0",
          "from": "process@^0.8.0"
        },
        "punycode": {
          "version": "1.2.4",
          "from": "punycode@~1.2.3"
        },
        "querystring-es3": {
          "version": "0.2.1",
          "from": "querystring-es3@~0.2.0"
        },
        "readable-stream": {
          "version": "1.0.33",
          "from": "readable-stream@^1.0.33-1",
          "dependencies": {
            "core-util-is": {
              "version": "1.0.1",
              "from": "core-util-is@~1.0.0"
            }
          }
        },
        "resolve": {
          "version": "0.7.4",
          "from": "resolve@~0.7.1"
        },
        "shallow-copy": {
          "version": "0.0.1",
          "from": "shallow-copy@0.0.1"
        },
        "shasum": {
          "version": "1.0.1",
          "from": "shasum@^1.0.0",
          "dependencies": {
            "json-stable-stringify": {
              "version": "0.0.1",
              "from": "json-stable-stringify@~0.0.0",
              "dependencies": {
                "jsonify": {
                  "version": "0.0.0",
                  "from": "jsonify@~0.0.0"
                }
              }
            },
            "sha.js": {
              "version": "2.3.6",
              "from": "sha.js@~2.3.0"
            }
          }
        },
        "shell-quote": {
          "version": "0.0.1",
          "from": "shell-quote@~0.0.1"
        },
        "stream-browserify": {
          "version": "1.0.0",
          "from": "stream-browserify@^1.0.0"
        },
        "string_decoder": {
          "version": "0.10.31",
          "from": "string_decoder@~0.10.0"
        },
        "subarg": {
          "version": "1.0.0",
          "from": "subarg@^1.0.0",
          "dependencies": {
            "minimist": {
              "version": "1.1.0",
              "from": "minimist@^1.1.0"
            }
          }
        },
        "syntax-error": {
          "version": "1.1.2",
          "from": "syntax-error@^1.1.1",
          "dependencies": {
            "acorn": {
              "version": "0.9.0",
              "from": "acorn@~0.9.0"
            }
          }
        },
        "through2": {
          "version": "1.1.1",
          "from": "through2@^1.0.0",
          "dependencies": {
            "readable-stream": {
              "version": "1.1.13",
              "from": "readable-stream@>=1.1.13-1 <1.2.0-0",
              "dependencies": {
                "core-util-is": {
                  "version": "1.0.1",
                  "from": "core-util-is@~1.0.0"
                }
              }
            },
            "xtend": {
              "version": "4.0.0",
              "from": "xtend@>=4.0.0 <4.1.0-0"
            }
          }
        },
        "timers-browserify": {
          "version": "1.2.0",
          "from": "timers-browserify@^1.0.1",
          "dependencies": {
            "process": {
              "version": "0.10.0",
              "from": "process@~0.10.0"
            }
          }
        },
        "tty-browserify": {
          "version": "0.0.0",
          "from": "tty-browserify@~0.0.0"
        },
        "umd": {
          "version": "2.1.0",
          "from": "umd@~2.1.0",
          "dependencies": {
            "rfile": {
              "version": "1.0.0",
              "from": "rfile@~1.0.0",
              "dependencies": {
                "callsite": {
                  "version": "1.0.0",
                  "from": "callsite@~1.0.0"
                },
                "resolve": {
                  "version": "0.3.1",
                  "from": "resolve@~0.3.0"
                }
              }
            },
            "ruglify": {
              "version": "1.0.0",
              "from": "ruglify@~1.0.0",
              "dependencies": {
                "uglify-js": {
                  "version": "2.2.5",
                  "from": "uglify-js@~2.2",
                  "dependencies": {
                    "source-map": {
                      "version": "0.1.43",
                      "from": "source-map@~0.1.7",
                      "dependencies": {
                        "amdefine": {
                          "version": "0.1.0",
                          "from": "amdefine@>=0.0.4"
                        }
                      }
                    },
                    "optimist": {
                      "version": "0.3.7",
                      "from": "optimist@~0.3.5",
                      "dependencies": {
                        "wordwrap": {
                          "version": "0.0.2",
                          "from": "wordwrap@~0.0.2"
                        }
                      }
                    }
                  }
                }
              }
            },
            "through": {
              "version": "2.3.6",
              "from": "through@~2.3.4"
            }
          }
        },
        "url": {
          "version": "0.10.2",
          "from": "url@~0.10.1",
          "dependencies": {
            "punycode": {
              "version": "1.3.2",
              "from": "punycode@1.3.2"
            }
          }
        },
        "util": {
          "version": "0.10.3",
          "from": "util@~0.10.1"
        },
        "vm-browserify": {
          "version": "0.0.4",
          "from": "vm-browserify@~0.0.1",
          "dependencies": {
            "indexof": {
              "version": "0.0.1",
              "from": "indexof@0.0.1"
            }
          }
        },
        "xtend": {
          "version": "3.0.0",
          "from": "xtend@^3.0.0"
        }
      }
    },
    "clean-css": {
      "version": "2.2.23",
      "from": "clean-css@^2.2.16",
      "resolved": "https://registry.npmjs.org/clean-css/-/clean-css-2.2.23.tgz",
      "dependencies": {
        "commander": {
          "version": "2.2.0",
          "from": "commander@2.2.x"
        }
      }
    },
    "coffee-script": {
      "version": "1.8.0",
      "from": "coffee-script@^1.7.1",
      "dependencies": {
        "mkdirp": {
          "version": "0.3.5",
          "from": "mkdirp@~0.3.5"
        }
      }
    },
    "coffeeify": {
      "version": "0.6.0",
      "from": "coffeeify@^0.6.0",
      "dependencies": {
        "coffee-script": {
          "version": "1.7.1",
          "from": "coffee-script@~1.7.0",
          "dependencies": {
            "mkdirp": {
              "version": "0.3.5",
              "from": "mkdirp@~0.3.5"
            }
          }
        },
        "through": {
          "version": "2.3.6",
          "from": "through@~2.3.4"
        },
        "convert-source-map": {
          "version": "0.3.5",
          "from": "convert-source-map@~0.3.3"
        }
      }
    },
    "crypto-browserify": {
      "version": "3.9.6",
      "from": "crypto-browserify@^3.3.0",
      "dependencies": {
        "browserify-aes": {
          "version": "0.8.1",
          "from": "browserify-aes@0.8.1"
        },
        "create-ecdh": {
          "version": "1.0.3",
          "from": "create-ecdh@1.0.3",
          "dependencies": {
            "bn.js": {
              "version": "1.0.0",
              "from": "bn.js@^1.0.0"
            },
            "elliptic": {
              "version": "1.0.1",
              "from": "elliptic@^1.0.0",
              "dependencies": {
                "brorand": {
                  "version": "1.0.5",
                  "from": "brorand@^1.0.1"
                },
                "hash.js": {
                  "version": "1.0.2",
                  "from": "hash.js@^1.0.0"
                }
              }
            }
          }
        },
        "diffie-hellman": {
          "version": "2.2.3",
          "from": "diffie-hellman@2.2.3",
          "dependencies": {
            "bn.js": {
              "version": "1.0.0",
              "from": "bn.js@^1.0.0"
            },
            "miller-rabin": {
              "version": "1.1.5",
              "from": "miller-rabin@^1.1.2",
              "dependencies": {
                "brorand": {
                  "version": "1.0.5",
                  "from": "brorand@^1.0.1"
                }
              }
            }
          }
        },
        "browserify-sign": {
          "version": "2.8.0",
          "from": "browserify-sign@2.8.0",
          "dependencies": {
            "bn.js": {
              "version": "1.0.0",
              "from": "bn.js@^1.0.0"
            },
            "browserify-rsa": {
              "version": "1.1.1",
              "from": "browserify-rsa@^1.1.0"
            },
            "elliptic": {
              "version": "1.0.1",
              "from": "elliptic@^1.0.0",
              "dependencies": {
                "brorand": {
                  "version": "1.0.5",
                  "from": "brorand@^1.0.1"
                },
                "hash.js": {
                  "version": "1.0.2",
                  "from": "hash.js@^1.0.0"
                }
              }
            },
            "parse-asn1": {
              "version": "2.0.0",
              "from": "parse-asn1@^2.0.0",
              "dependencies": {
                "asn1.js": {
                  "version": "1.0.2",
                  "from": "asn1.js@^1.0.0",
                  "dependencies": {
                    "minimalistic-assert": {
                      "version": "1.0.0",
                      "from": "minimalistic-assert@^1.0.0"
                    }
                  }
                },
                "asn1.js-rfc3280": {
                  "version": "1.0.0",
                  "from": "asn1.js-rfc3280@^1.0.0"
                },
                "pemstrip": {
                  "version": "0.0.1",
                  "from": "pemstrip@0.0.1"
                }
              }
            }
          }
        },
        "inherits": {
          "version": "2.0.1",
          "from": "inherits@2"
        },
        "pbkdf2-compat": {
          "version": "2.0.1",
          "from": "pbkdf2-compat@2.0.1"
        },
        "public-encrypt": {
          "version": "1.1.2",
          "from": "public-encrypt@1.1.2",
          "dependencies": {
            "bn.js": {
              "version": "1.0.0",
              "from": "bn.js@^1.0.0"
            },
            "browserify-rsa": {
              "version": "1.1.1",
              "from": "browserify-rsa@^1.1.0"
            },
            "parse-asn1": {
              "version": "2.0.0",
              "from": "parse-asn1@^2.0.0",
              "dependencies": {
                "asn1.js": {
                  "version": "1.0.2",
                  "from": "asn1.js@^1.0.0",
                  "dependencies": {
                    "minimalistic-assert": {
                      "version": "1.0.0",
                      "from": "minimalistic-assert@^1.0.0"
                    }
                  }
                },
                "asn1.js-rfc3280": {
                  "version": "1.0.0",
                  "from": "asn1.js-rfc3280@^1.0.0"
                },
                "pemstrip": {
                  "version": "0.0.1",
                  "from": "pemstrip@0.0.1"
                }
              }
            }
          }
        },
        "ripemd160": {
          "version": "0.2.0",
          "from": "ripemd160@0.2.0"
        },
        "sha.js": {
          "version": "2.3.6",
          "from": "sha.js@2.3.6"
        }
      }
    },
    "crypto-hashing": {
      "version": "0.3.1",
      "from": "crypto-hashing@^0.3.1",
      "dependencies": {
        "binstring": {
          "version": "0.2.1",
          "from": "binstring@0.2.x"
        },
        "ripemd160": {
          "version": "0.2.1",
          "from": "ripemd160@~0.2.0"
        }
      }
    },
    "envify": {
      "version": "2.0.1",
      "from": "envify@^2.0.1",
      "dependencies": {
        "xtend": {
          "version": "2.1.2",
          "from": "xtend@~2.1.2",
          "dependencies": {
            "object-keys": {
              "version": "0.4.0",
              "from": "object-keys@~0.4.0"
            }
          }
        },
        "through": {
          "version": "2.3.6",
          "from": "through@~2.3.4"
        },
        "esprima-fb": {
          "version": "3001.1.0-dev-harmony-fb",
          "from": "esprima-fb@~3001.1.0-dev-harmony-fb"
        },
        "jstransform": {
          "version": "3.0.0",
          "from": "jstransform@~3.0.0",
          "dependencies": {
            "base62": {
              "version": "0.1.1",
              "from": "base62@0.1.1"
            },
            "source-map": {
              "version": "0.1.31",
              "from": "source-map@0.1.31",
              "dependencies": {
                "amdefine": {
                  "version": "0.1.0",
                  "from": "amdefine@>=0.0.4"
                }
              }
            }
          }
        }
      }
    },
    "iferr": {
      "version": "0.1.5",
      "from": "iferr@^0.1.0"
    },
    "intro.js": {
      "version": "1.0.0",
      "from": "git://github.com/shesek/intro.js#5f2058a56a4b844ce782934dc309b667a65ae0aa",
      "resolved": "git://github.com/shesek/intro.js#5f2058a56a4b844ce782934dc309b667a65ae0aa"
    },
    "jade": {
      "version": "1.9.0",
      "from": "jade@^1.4.2",
      "dependencies": {
        "character-parser": {
          "version": "1.2.1",
          "from": "character-parser@1.2.1"
        },
        "commander": {
          "version": "2.5.1",
          "from": "commander@~2.5.0"
        },
        "constantinople": {
          "version": "3.0.1",
          "from": "constantinople@~3.0.1",
          "dependencies": {
            "acorn-globals": {
              "version": "1.0.2",
              "from": "acorn-globals@^1.0.0",
              "dependencies": {
                "acorn": {
                  "version": "0.11.0",
                  "from": "acorn@^0.11.0"
                }
              }
            }
          }
        },
        "mkdirp": {
          "version": "0.5.0",
          "from": "mkdirp@~0.5.0",
          "dependencies": {
            "minimist": {
              "version": "0.0.8",
              "from": "minimist@0.0.8"
            }
          }
        },
        "transformers": {
          "version": "2.1.0",
          "from": "transformers@2.1.0",
          "dependencies": {
            "promise": {
              "version": "2.0.0",
              "from": "promise@~2.0",
              "dependencies": {
                "is-promise": {
                  "version": "1.0.1",
                  "from": "is-promise@~1"
                }
              }
            },
            "css": {
              "version": "1.0.8",
              "from": "css@~1.0.8",
              "dependencies": {
                "css-parse": {
                  "version": "1.0.4",
                  "from": "css-parse@1.0.4"
                },
                "css-stringify": {
                  "version": "1.0.5",
                  "from": "css-stringify@1.0.5"
                }
              }
            },
            "uglify-js": {
              "version": "2.2.5",
              "from": "uglify-js@~2.2.5",
              "dependencies": {
                "source-map": {
                  "version": "0.1.43",
                  "from": "source-map@~0.1.7",
                  "dependencies": {
                    "amdefine": {
                      "version": "0.1.0",
                      "from": "amdefine@>=0.0.4"
                    }
                  }
                },
                "optimist": {
                  "version": "0.3.7",
                  "from": "optimist@~0.3.5",
                  "dependencies": {
                    "wordwrap": {
                      "version": "0.0.2",
                      "from": "wordwrap@~0.0.2"
                    }
                  }
                }
              }
            }
          }
        },
        "void-elements": {
          "version": "1.0.0",
          "from": "void-elements@~1.0.0"
        },
        "with": {
          "version": "4.0.0",
          "from": "with@~4.0.0",
          "dependencies": {
            "acorn": {
              "version": "0.8.0",
              "from": "acorn@^0.8.0"
            },
            "acorn-globals": {
              "version": "1.0.2",
              "from": "acorn-globals@^1.0.0",
              "dependencies": {
                "acorn": {
                  "version": "0.11.0",
                  "from": "acorn@^0.11.0"
                }
              }
            }
          }
        }
      }
    },
    "jadeify2": {
      "version": "0.0.5",
      "from": "jadeify2@git://github.com/shesek/node-jadeify2#fix-extend",
      "resolved": "git://github.com/shesek/node-jadeify2#e4f5dc6d9c94db512d17564e8bb5f55d458eb144",
      "dependencies": {
        "through": {
          "version": "2.2.7",
          "from": "through@~2.2.7"
        }
      }
    },
    "jquery-serializeForm": {
      "version": "1.2.3",
      "from": "jquery-serializeForm@git://github.com/shesek/jquery-serializeForm#dot-notation",
      "resolved": "git://github.com/shesek/jquery-serializeForm#1a607872ada91e6700a08c834c272a962a35dff6"
    },
    "json-stable-stringify": {
      "version": "1.0.0",
      "from": "json-stable-stringify@^1.0.0",
      "dependencies": {
        "jsonify": {
          "version": "0.0.0",
          "from": "jsonify@~0.0.0"
        }
      }
    },
    "ladda-bootstrap": {
      "version": "0.8.0",
      "from": "ladda-bootstrap@git://github.com/msurguy/ladda-bootstrap#2610e352a2b3f7e17bcb027aac7111c61ea37857",
      "resolved": "git://github.com/msurguy/ladda-bootstrap#2610e352a2b3f7e17bcb027aac7111c61ea37857"
    },
    "marked": {
      "version": "0.3.2",
      "from": "marked@^0.3.2"
    },
    "qruri": {
      "version": "0.0.3",
      "from": "qruri@",
      "dependencies": {
        "canvas": {
          "version": "1.1.6",
          "from": "canvas@^1.1.3",
          "dependencies": {
            "nan": {
              "version": "1.2.0",
              "from": "nan@~1.2.0"
            }
          }
        }
      }
    },
    "scryptsy": {
      "version": "1.2.0",
      "from": "scryptsy@latest",
      "resolved": "https://registry.npmjs.org/scryptsy/-/scryptsy-1.2.0.tgz",
      "dependencies": {
        "pbkdf2-sha256": {
          "version": "1.1.0",
          "from": "pbkdf2-sha256@^1.1.0"
        }
      }
    },
    "secure-randword": {
      "version": "0.1.3",
      "from": "secure-randword@latest",
      "dependencies": {
        "secure-random": {
          "version": "1.1.1",
          "from": "secure-random@^1.1.1"
        }
      }
    },
    "semantic-ui": {
      "version": "1.7.2",
      "from": "semantic-ui@^1.3.1",
      "resolved": "https://registry.npmjs.org/semantic-ui/-/semantic-ui-1.7.2.tgz",
      "dependencies": {
        "jquery": {
          "version": "2.1.3",
          "from": "jquery@x.x.x",
          "resolved": "https://registry.npmjs.org/jquery/-/jquery-2.1.3.tgz"
        }
      }
    },
    "sigma": {
      "version": "1.0.3",
      "from": "sigma@^1.0.2",
      "resolved": "https://registry.npmjs.org/sigma/-/sigma-1.0.3.tgz"
    },
    "stylus": {
      "version": "0.50.0",
      "from": "stylus@latest",
      "dependencies": {
        "css-parse": {
          "version": "1.7.0",
          "from": "css-parse@1.7.x"
        },
        "mkdirp": {
          "version": "0.3.5",
          "from": "mkdirp@0.3.x"
        },
        "debug": {
          "version": "2.1.1",
          "from": "debug@*",
          "dependencies": {
            "ms": {
              "version": "0.6.2",
              "from": "ms@0.6.2"
            }
          }
        },
        "sax": {
          "version": "0.5.8",
          "from": "sax@0.5.x"
        },
        "glob": {
          "version": "3.2.11",
          "from": "glob@3.2.x",
          "dependencies": {
            "inherits": {
              "version": "2.0.1",
              "from": "inherits@2"
            },
            "minimatch": {
              "version": "0.3.0",
              "from": "minimatch@0.3",
              "dependencies": {
                "lru-cache": {
                  "version": "2.5.0",
                  "from": "lru-cache@2"
                },
                "sigmund": {
                  "version": "1.0.0",
                  "from": "sigmund@~1.0.0"
                }
              }
            }
          }
        },
        "source-map": {
          "version": "0.1.43",
          "from": "source-map@0.1.x",
          "dependencies": {
            "amdefine": {
              "version": "0.1.0",
              "from": "amdefine@>=0.0.4"
            }
          }
        }
      }
    },
    "toastr": {
      "version": "2.0.3",
      "from": "toastr@git://github.com/shesek/toastr",
      "resolved": "git://github.com/shesek/toastr#422936c2e79dfc7d39878a3a7673fe7ac34bbbc5"
    },
    "typeahead.js": {
      "version": "0.10.5",
      "from": "typeahead.js@^0.10.4",
      "resolved": "https://registry.npmjs.org/typeahead.js/-/typeahead.js-0.10.5.tgz"
    },
    "uglify-js": {
      "version": "2.4.16",
      "from": "uglify-js@^2.4.15",
      "dependencies": {
        "async": {
          "version": "0.2.10",
          "from": "async@~0.2.6"
        },
        "source-map": {
          "version": "0.1.34",
          "from": "source-map@0.1.34",
          "dependencies": {
            "amdefine": {
              "version": "0.1.0",
              "from": "amdefine@>=0.0.4"
            }
          }
        },
        "optimist": {
          "version": "0.3.7",
          "from": "optimist@~0.3.5",
          "dependencies": {
            "wordwrap": {
              "version": "0.0.2",
              "from": "wordwrap@~0.0.2"
            }
          }
        },
        "uglify-to-browserify": {
          "version": "1.0.2",
          "from": "uglify-to-browserify@~1.0.0"
        }
      }
    },
    "webshim": {
      "version": "1.15.6",
      "from": "git://github.com/shesek/webshim#4eafaaf377a25234894b21471775c330104cbfe6",
      "resolved": "git://github.com/shesek/webshim#4eafaaf377a25234894b21471775c330104cbfe6"
    },
    "webworkify": {
      "version": "0.1.1",
      "from": "webworkify@^0.1.0",
      "resolved": "https://registry.npmjs.org/webworkify/-/webworkify-0.1.1.tgz"
    }
  }
}
